
Microsoft Visual Studio Solution File, Format Version 12.00
Project("{FAE04EC0-301F-11D3-BF4B-00C04F79EFBC}") = "CurrencyConverter", "CurrencyConverter.csproj", "{EEC1E74B-97B5-417A-957C-F858FCD8E9C7}"
EndProject
Global
	GlobalSection(SolutionConfigurationPlatforms) = preSolution
		Debug|Any CPU = Debug|Any CPU
		Release|Any CPU = Release|Any CPU
	EndGlobalSection
	GlobalSection(ProjectConfigurationPlatforms) = postSolution
		{EEC1E74B-97B5-417A-957C-F858FCD8E9C7}.Debug|Any CPU.ActiveCfg = Debug|Any CPU
		{EEC1E74B-97B5-417A-957C-F858FCD8E9C7}.Debug|Any CPU.Build.0 = Debug|Any CPU
		{EEC1E74B-97B5-417A-957C-F858FCD8E9C7}.Release|Any CPU.ActiveCfg = Release|Any CPU
		{EEC1E74B-97B5-417A-957C-F858FCD8E9C7}.Release|Any CPU.Build.0 = Release|Any CPU
	EndGlobalSection
EndGlobal
